
Microsoft Visual Studio Solution File, Format Version 12.00
# Visual Studio Version 17
VisualStudioVersion = 17.14.36401.2
MinimumVisualStudioVersion = 10.0.40219.1
Project("{2150E333-8FDC-42A3-9474-1A3956D46DE8}") = "Services", "Services", "{02EA681E-C7D8-13C7-8484-4AC65E1B71E8}"
EndProject
Project("{2150E333-8FDC-42A3-9474-1A3956D46DE8}") = "Catalog", "Catalog", "{33BEEEBF-F650-4FE4-A939-3C0C1B733090}"
EndProject
Project("{FAE04EC0-301F-11D3-BF4B-00C04F79EFBC}") = "Catalog.API", "Services\Catalog\Catalog.API\Catalog.API.csproj", "{33FC5A32-CDDC-EE43-9CA6-483EA2BFBE99}"
EndProject
Project("{2150E333-8FDC-42A3-9474-1A3956D46DE8}") = "BuildingBlocks", "BuildingBlocks", "{CC77970B-E8E7-4C66-8EC7-FD7823C3F57E}"
EndProject
Project("{FAE04EC0-301F-11D3-BF4B-00C04F79EFBC}") = "BuildingBlocks", "BuildingBlocks\BuildingBlocks\BuildingBlocks.csproj", "{11E60382-E79D-41ED-B267-4AD0D579A678}"
EndProject
Project("{E53339B2-1760-4266-BCC7-CA923CBCF16C}") = "docker-compose", "docker-compose.dcproj", "{81DDED9D-158B-E303-5F62-77A2896D2A5A}"
EndProject
Project("{2150E333-8FDC-42A3-9474-1A3956D46DE8}") = "Basket", "Basket", "{55A70145-C4D6-495B-993E-6C0A8B97E4C9}"
EndProject
Project("{FAE04EC0-301F-11D3-BF4B-00C04F79EFBC}") = "Basket.API", "Services\Basket\Basket.API\Basket.API.csproj", "{04197907-A550-4DA0-8A8E-7D79DDC114A4}"
EndProject
Project("{2150E333-8FDC-42A3-9474-1A3956D46DE8}") = "Discount", "Discount", "{7F972451-2C78-42A1-9AA5-612A2D9FFD02}"
EndProject
Project("{FAE04EC0-301F-11D3-BF4B-00C04F79EFBC}") = "Discount.Grpc", "Services\Discount\Discount.Grpc\Discount.Grpc.csproj", "{537BF4C6-1C5E-4371-8AB4-91D18A8C51E0}"
EndProject
Global
	GlobalSection(SolutionConfigurationPlatforms) = preSolution
		Debug|Any CPU = Debug|Any CPU
		Release|Any CPU = Release|Any CPU
	EndGlobalSection
	GlobalSection(ProjectConfigurationPlatforms) = postSolution
		{33FC5A32-CDDC-EE43-9CA6-483EA2BFBE99}.Debug|Any CPU.ActiveCfg = Debug|Any CPU
		{33FC5A32-CDDC-EE43-9CA6-483EA2BFBE99}.Debug|Any CPU.Build.0 = Debug|Any CPU
		{33FC5A32-CDDC-EE43-9CA6-483EA2BFBE99}.Release|Any CPU.ActiveCfg = Release|Any CPU
		{33FC5A32-CDDC-EE43-9CA6-483EA2BFBE99}.Release|Any CPU.Build.0 = Release|Any CPU
		{11E60382-E79D-41ED-B267-4AD0D579A678}.Debug|Any CPU.ActiveCfg = Debug|Any CPU
		{11E60382-E79D-41ED-B267-4AD0D579A678}.Debug|Any CPU.Build.0 = Debug|Any CPU
		{11E60382-E79D-41ED-B267-4AD0D579A678}.Release|Any CPU.ActiveCfg = Release|Any CPU
		{11E60382-E79D-41ED-B267-4AD0D579A678}.Release|Any CPU.Build.0 = Release|Any CPU
		{81DDED9D-158B-E303-5F62-77A2896D2A5A}.Debug|Any CPU.ActiveCfg = Debug|Any CPU
		{81DDED9D-158B-E303-5F62-77A2896D2A5A}.Debug|Any CPU.Build.0 = Debug|Any CPU
		{81DDED9D-158B-E303-5F62-77A2896D2A5A}.Release|Any CPU.ActiveCfg = Release|Any CPU
		{81DDED9D-158B-E303-5F62-77A2896D2A5A}.Release|Any CPU.Build.0 = Release|Any CPU
		{04197907-A550-4DA0-8A8E-7D79DDC114A4}.Debug|Any CPU.ActiveCfg = Debug|Any CPU
		{04197907-A550-4DA0-8A8E-7D79DDC114A4}.Debug|Any CPU.Build.0 = Debug|Any CPU
		{04197907-A550-4DA0-8A8E-7D79DDC114A4}.Release|Any CPU.ActiveCfg = Release|Any CPU
		{04197907-A550-4DA0-8A8E-7D79DDC114A4}.Release|Any CPU.Build.0 = Release|Any CPU
		{537BF4C6-1C5E-4371-8AB4-91D18A8C51E0}.Debug|Any CPU.ActiveCfg = Debug|Any CPU
		{537BF4C6-1C5E-4371-8AB4-91D18A8C51E0}.Debug|Any CPU.Build.0 = Debug|Any CPU
		{537BF4C6-1C5E-4371-8AB4-91D18A8C51E0}.Release|Any CPU.ActiveCfg = Release|Any CPU
		{537BF4C6-1C5E-4371-8AB4-91D18A8C51E0}.Release|Any CPU.Build.0 = Release|Any CPU
	EndGlobalSection
	GlobalSection(SolutionProperties) = preSolution
		HideSolutionNode = FALSE
	EndGlobalSection
	GlobalSection(NestedProjects) = preSolution
		{33BEEEBF-F650-4FE4-A939-3C0C1B733090} = {02EA681E-C7D8-13C7-8484-4AC65E1B71E8}
		{33FC5A32-CDDC-EE43-9CA6-483EA2BFBE99} = {33BEEEBF-F650-4FE4-A939-3C0C1B733090}
		{11E60382-E79D-41ED-B267-4AD0D579A678} = {CC77970B-E8E7-4C66-8EC7-FD7823C3F57E}
		{55A70145-C4D6-495B-993E-6C0A8B97E4C9} = {02EA681E-C7D8-13C7-8484-4AC65E1B71E8}
		{04197907-A550-4DA0-8A8E-7D79DDC114A4} = {55A70145-C4D6-495B-993E-6C0A8B97E4C9}
		{7F972451-2C78-42A1-9AA5-612A2D9FFD02} = {02EA681E-C7D8-13C7-8484-4AC65E1B71E8}
		{537BF4C6-1C5E-4371-8AB4-91D18A8C51E0} = {7F972451-2C78-42A1-9AA5-612A2D9FFD02}
	EndGlobalSection
	GlobalSection(ExtensibilityGlobals) = postSolution
		SolutionGuid = {540E2B12-3024-4712-B36C-0D89D111C2CC}
	EndGlobalSection
EndGlobal
